// !$*UTF8*$!
{
	archiveVersion = 1;
	classes = {
	};
	objectVersion = 56;
	objects = {

/* Begin PBXBuildFile section */
		66919A682B4EE990005C4CBF /* AppDelegate.m in Sources */ = {isa = PBXBuildFile; fileRef = 66919A672B4EE990005C4CBF /* AppDelegate.m */; };
		66919A6B2B4EE990005C4CBF /* SceneDelegate.m in Sources */ = {isa = PBXBuildFile; fileRef = 66919A6A2B4EE990005C4CBF /* SceneDelegate.m */; };
		66919A6E2B4EE990005C4CBF /* ViewController.m in Sources */ = {isa = PBXBuildFile; fileRef = 66919A6D2B4EE990005C4CBF /* ViewController.m */; };
		66919A712B4EE990005C4CBF /* Main.storyboard in Resources */ = {isa = PBXBuildFile; fileRef = 66919A6F2B4EE990005C4CBF /* Main.storyboard */; };
		66919A732B4EE992005C4CBF /* Assets.xcassets in Resources */ = {isa = PBXBuildFile; fileRef = 66919A722B4EE992005C4CBF /* Assets.xcassets */; };
		66919A762B4EE992005C4CBF /* LaunchScreen.storyboard in Resources */ = {isa = PBXBuildFile; fileRef = 66919A742B4EE992005C4CBF /* LaunchScreen.storyboard */; };
		66919A792B4EE992005C4CBF /* main.m in Sources */ = {isa = PBXBuildFile; fileRef = 66919A782B4EE992005C4CBF /* main.m */; };
		66919A832B4EE992005C4CBF /* ZadTests.m in Sources */ = {isa = PBXBuildFile; fileRef = 66919A822B4EE992005C4CBF /* ZadTests.m */; };
		66919A8D2B4EE993005C4CBF /* ZadUITests.m in Sources */ = {isa = PBXBuildFile; fileRef = 66919A8C2B4EE993005C4CBF /* ZadUITests.m */; };
		66919A8F2B4EE993005C4CBF /* ZadUITestsLaunchTests.m in Sources */ = {isa = PBXBuildFile; fileRef = 66919A8E2B4EE993005C4CBF /* ZadUITestsLaunchTests.m */; };
		66919AA12B4EF02D005C4CBF /* Localizable.strings in Resources */ = {isa = PBXBuildFile; fileRef = 66919AA32B4EF02D005C4CBF /* Localizable.strings */; };
/* End PBXBuildFile section */

/* Begin PBXContainerItemProxy section */
		66919A7F2B4EE992005C4CBF /* PBXContainerItemProxy */ = {
			isa = PBXContainerItemProxy;
			containerPortal = 66919A5B2B4EE990005C4CBF /* Project object */;
			proxyType = 1;
			remoteGlobalIDString = 66919A622B4EE990005C4CBF;
			remoteInfo = Zad;
		};
		66919A892B4EE993005C4CBF /* PBXContainerItemProxy */ = {
			isa = PBXContainerItemProxy;
			containerPortal = 66919A5B2B4EE990005C4CBF /* Project object */;
			proxyType = 1;
			remoteGlobalIDString = 66919A622B4EE990005C4CBF;
			remoteInfo = Zad;
		};
/* End PBXContainerItemProxy section */

/* Begin PBXFileReference section */
		66919A632B4EE990005C4CBF /* Zad.app */ = {isa = PBXFileReference; explicitFileType = wrapper.application; includeInIndex = 0; path = Zad.app; sourceTree = BUILT_PRODUCTS_DIR; };
		66919A662B4EE990005C4CBF /* AppDelegate.h */ = {isa = PBXFileReference; lastKnownFileType = sourcecode.c.h; path = AppDelegate.h; sourceTree = "<group>"; };
		66919A672B4EE990005C4CBF /* AppDelegate.m */ = {isa = PBXFileReference; lastKnownFileType = sourcecode.c.objc; path = AppDelegate.m; sourceTree = "<group>"; };
		66919A692B4EE990005C4CBF /* SceneDelegate.h */ = {isa = PBXFileReference; lastKnownFileType = sourcecode.c.h; path = SceneDelegate.h; sourceTree = "<group>"; };
		66919A6A2B4EE990005C4CBF /* SceneDelegate.m */ = {isa = PBXFileReference; lastKnownFileType = sourcecode.c.objc; path = SceneDelegate.m; sourceTree = "<group>"; };
		66919A6C2B4EE990005C4CBF /* ViewController.h */ = {isa = PBXFileReference; lastKnownFileType = sourcecode.c.h; path = ViewController.h; sourceTree = "<group>"; };
		66919A6D2B4EE990005C4CBF /* ViewController.m */ = {isa = PBXFileReference; lastKnownFileType = sourcecode.c.objc; path = ViewController.m; sourceTree = "<group>"; };
		66919A702B4EE990005C4CBF /* Base */ = {isa = PBXFileReference; lastKnownFileType = file.storyboard; name = Base; path = Base.lproj/Main.storyboard; sourceTree = "<group>"; };
		66919A722B4EE992005C4CBF /* Assets.xcassets */ = {isa = PBXFileReference; lastKnownFileType = folder.assetcatalog; path = Assets.xcassets; sourceTree = "<group>"; };
		66919A752B4EE992005C4CBF /* Base */ = {isa = PBXFileReference; lastKnownFileType = file.storyboard; name = Base; path = Base.lproj/LaunchScreen.storyboard; sourceTree = "<group>"; };
		66919A772B4EE992005C4CBF /* Info.plist */ = {isa = PBXFileReference; lastKnownFileType = text.plist.xml; path = Info.plist; sourceTree = "<group>"; };
		66919A782B4EE992005C4CBF /* main.m */ = {isa = PBXFileReference; lastKnownFileType = sourcecode.c.objc; path = main.m; sourceTree = "<group>"; };
		66919A7E2B4EE992005C4CBF /* ZadTests.xctest */ = {isa = PBXFileReference; explicitFileType = wrapper.cfbundle; includeInIndex = 0; path = ZadTests.xctest; sourceTree = BUILT_PRODUCTS_DIR; };
		66919A822B4EE992005C4CBF /* ZadTests.m */ = {isa = PBXFileReference; lastKnownFileType = sourcecode.c.objc; path = ZadTests.m; sourceTree = "<group>"; };
		66919A882B4EE993005C4CBF /* ZadUITests.xctest */ = {isa = PBXFileReference; explicitFileType = wrapper.cfbundle; includeInIndex = 0; path = ZadUITests.xctest; sourceTree = BUILT_PRODUCTS_DIR; };
		66919A8C2B4EE993005C4CBF /* ZadUITests.m */ = {isa = PBXFileReference; lastKnownFileType = sourcecode.c.objc; path = ZadUITests.m; sourceTree = "<group>"; };
		66919A8E2B4EE993005C4CBF /* ZadUITestsLaunchTests.m */ = {isa = PBXFileReference; lastKnownFileType = sourcecode.c.objc; path = ZadUITestsLaunchTests.m; sourceTree = "<group>"; };
		66919A9F2B4EEFE2005C4CBF /* pl */ = {isa = PBXFileReference; lastKnownFileType = text.plist.strings; name = pl; path = pl.lproj/Main.strings; sourceTree = "<group>"; };
		66919AA02B4EEFE2005C4CBF /* pl */ = {isa = PBXFileReference; lastKnownFileType = text.plist.strings; name = pl; path = pl.lproj/LaunchScreen.strings; sourceTree = "<group>"; };
		66919AA22B4EF02D005C4CBF /* en */ = {isa = PBXFileReference; lastKnownFileType = text.plist.strings; name = en; path = en.lproj/Localizable.strings; sourceTree = "<group>"; };
		66919AA42B4EF034005C4CBF /* pl */ = {isa = PBXFileReference; lastKnownFileType = text.plist.strings; name = pl; path = pl.lproj/Localizable.strings; sourceTree = "<group>"; };
/* End PBXFileReference section */

/* Begin PBXFrameworksBuildPhase section */
		66919A602B4EE990005C4CBF /* Frameworks */ = {
			isa = PBXFrameworksBuildPhase;
			buildActionMask = 2147483647;
			files = (
			);
			runOnlyForDeploymentPostprocessing = 0;
		};
		66919A7B2B4EE992005C4CBF /* Frameworks */ = {
			isa = PBXFrameworksBuildPhase;
			buildActionMask = 2147483647;
			files = (
			);
			runOnlyForDeploymentPostprocessing = 0;
		};
		66919A852B4EE993005C4CBF /* Frameworks */ = {
			isa = PBXFrameworksBuildPhase;
			buildActionMask = 2147483647;
			files = (
			);
			runOnlyForDeploymentPostprocessing = 0;
		};
/* End PBXFrameworksBuildPhase section */

/* Begin PBXGroup section */
		66919A5A2B4EE990005C4CBF = {
			isa = PBXGroup;
			children = (
				66919A652B4EE990005C4CBF /* Zad */,
				66919A812B4EE992005C4CBF /* ZadTests */,
				66919A8B2B4EE993005C4CBF /* ZadUITests */,
				66919A642B4EE990005C4CBF /* Products */,
			);
			sourceTree = "<group>";
		};
		66919A642B4EE990005C4CBF /* Products */ = {
			isa = PBXGroup;
			children = (
				66919A632B4EE990005C4CBF /* Zad.app */,
				66919A7E2B4EE992005C4CBF /* ZadTests.xctest */,
				66919A882B4EE993005C4CBF /* ZadUITests.xctest */,
			);
			name = Products;
			sourceTree = "<group>";
		};
		66919A652B4EE990005C4CBF /* Zad */ = {
			isa = PBXGroup;
			children = (
				66919A662B4EE990005C4CBF /* AppDelegate.h */,
				66919A672B4EE990005C4CBF /* AppDelegate.m */,
				66919A692B4EE990005C4CBF /* SceneDelegate.h */,
				66919A6A2B4EE990005C4CBF /* SceneDelegate.m */,
				66919A6C2B4EE990005C4CBF /* ViewController.h */,
				66919A6D2B4EE990005C4CBF /* ViewController.m */,
				66919A6F2B4EE990005C4CBF /* Main.storyboard */,
				66919AA32B4EF02D005C4CBF /* Localizable.strings */,
				66919A722B4EE992005C4CBF /* Assets.xcassets */,
				66919A742B4EE992005C4CBF /* LaunchScreen.storyboard */,
				66919A772B4EE992005C4CBF /* Info.plist */,
				66919A782B4EE992005C4CBF /* main.m */,
			);
			path = Zad;
			sourceTree = "<group>";
		};
		66919A812B4EE992005C4CBF /* ZadTests */ = {
			isa = PBXGroup;
			children = (
				66919A822B4EE992005C4CBF /* ZadTests.m */,
			);
			path = ZadTests;
			sourceTree = "<group>";
		};
		66919A8B2B4EE993005C4CBF /* ZadUITests */ = {
			isa = PBXGroup;
			children = (
				66919A8C2B4EE993005C4CBF /* ZadUITests.m */,
				66919A8E2B4EE993005C4CBF /* ZadUITestsLaunchTests.m */,
			);
			path = ZadUITests;
			sourceTree = "<group>";
		};
/* End PBXGroup section */

/* Begin PBXNativeTarget section */
		66919A622B4EE990005C4CBF /* Zad */ = {
			isa = PBXNativeTarget;
			buildConfigurationList = 66919A922B4EE993005C4CBF /* Build configuration list for PBXNativeTarget "Zad" */;
			buildPhases = (
				66919A5F2B4EE990005C4CBF /* Sources */,
				66919A602B4EE990005C4CBF /* Frameworks */,
				66919A612B4EE990005C4CBF /* Resources */,
			);
			buildRules = (
			);
			dependencies = (
			);
			name = Zad;
			productName = Zad;
			productReference = 66919A632B4EE990005C4CBF /* Zad.app */;
			productType = "com.apple.product-type.application";
		};
		66919A7D2B4EE992005C4CBF /* ZadTests */ = {
			isa = PBXNativeTarget;
			buildConfigurationList = 66919A952B4EE993005C4CBF /* Build configuration list for PBXNativeTarget "ZadTests" */;
			buildPhases = (
				66919A7A2B4EE992005C4CBF /* Sources */,
				66919A7B2B4EE992005C4CBF /* Frameworks */,
				66919A7C2B4EE992005C4CBF /* Resources */,
			);
			buildRules = (
			);
			dependencies = (
				66919A802B4EE992005C4CBF /* PBXTargetDependency */,
			);
			name = ZadTests;
			productName = ZadTests;
			productReference = 66919A7E2B4EE992005C4CBF /* ZadTests.xctest */;
			productType = "com.apple.product-type.bundle.unit-test";
		};
		66919A872B4EE993005C4CBF /* ZadUITests */ = {
			isa = PBXNativeTarget;
			buildConfigurationList = 66919A982B4EE993005C4CBF /* Build configuration list for PBXNativeTarget "ZadUITests" */;
			buildPhases = (
				66919A842B4EE993005C4CBF /* Sources */,
				66919A852B4EE993005C4CBF /* Frameworks */,
				66919A862B4EE993005C4CBF /* Resources */,
			);
			buildRules = (
			);
			dependencies = (
				66919A8A2B4EE993005C4CBF /* PBXTargetDependency */,
			);
			name = ZadUITests;
			productName = ZadUITests;
			productReference = 66919A882B4EE993005C4CBF /* ZadUITests.xctest */;
			productType = "com.apple.product-type.bundle.ui-testing";
		};
/* End PBXNativeTarget section */

/* Begin PBXProject section */
		66919A5B2B4EE990005C4CBF /* Project object */ = {
			isa = PBXProject;
			attributes = {
				BuildIndependentTargetsInParallel = 1;
				LastUpgradeCheck = 1520;
				TargetAttributes = {
					66919A622B4EE990005C4CBF = {
						CreatedOnToolsVersion = 15.2;
					};
					66919A7D2B4EE992005C4CBF = {
						CreatedOnToolsVersion = 15.2;
						TestTargetID = 66919A622B4EE990005C4CBF;
					};
					66919A872B4EE993005C4CBF = {
						CreatedOnToolsVersion = 15.2;
						TestTargetID = 66919A622B4EE990005C4CBF;
					};
				};
			};
			buildConfigurationList = 66919A5E2B4EE990005C4CBF /* Build configuration list for PBXProject "Zad" */;
			compatibilityVersion = "Xcode 14.0";
			developmentRegion = en;
			hasScannedForEncodings = 0;
			knownRegions = (
				en,
				Base,
				pl,
			);
			mainGroup = 66919A5A2B4EE990005C4CBF;
			productRefGroup = 66919A642B4EE990005C4CBF /* Products */;
			projectDirPath = "";
			projectRoot = "";
			targets = (
				66919A622B4EE990005C4CBF /* Zad */,
				66919A7D2B4EE992005C4CBF /* ZadTests */,
				66919A872B4EE993005C4CBF /* ZadUITests */,
			);
		};
/* End PBXProject section */

/* Begin PBXResourcesBuildPhase section */
		66919A612B4EE990005C4CBF /* Resources */ = {
			isa = PBXResourcesBuildPhase;
			buildActionMask = 2147483647;
			files = (
				66919A762B4EE992005C4CBF /* LaunchScreen.storyboard in Resources */,
				66919AA12B4EF02D005C4CBF /* Localizable.strings in Resources */,
				66919A732B4EE992005C4CBF /* Assets.xcassets in Resources */,
				66919A712B4EE990005C4CBF /* Main.storyboard in Resources */,
			);
			runOnlyForDeploymentPostprocessing = 0;
		};
		66919A7C2B4EE992005C4CBF /* Resources */ = {
			isa = PBXResourcesBuildPhase;
			buildActionMask = 2147483647;
			files = (
			);
			runOnlyForDeploymentPostprocessing = 0;
		};
		66919A862B4EE993005C4CBF /* Resources */ = {
			isa = PBXResourcesBuildPhase;
			buildActionMask = 2147483647;
			files = (
			);
			runOnlyForDeploymentPostprocessing = 0;
		};
/* End PBXResourcesBuildPhase section */

/* Begin PBXSourcesBuildPhase section */
		66919A5F2B4EE990005C4CBF /* Sources */ = {
			isa = PBXSourcesBuildPhase;
			buildActionMask = 2147483647;
			files = (
				66919A6E2B4EE990005C4CBF /* ViewController.m in Sources */,
				66919A682B4EE990005C4CBF /* AppDelegate.m in Sources */,
				66919A792B4EE992005C4CBF /* main.m in Sources */,
				66919A6B2B4EE990005C4CBF /* SceneDelegate.m in Sources */,
			);
			runOnlyForDeploymentPostprocessing = 0;
		};
		66919A7A2B4EE992005C4CBF /* Sources */ = {
			isa = PBXSourcesBuildPhase;
			buildActionMask = 2147483647;
			files = (
				66919A832B4EE992005C4CBF /* ZadTests.m in Sources */,
			);
			runOnlyForDeploymentPostprocessing = 0;
		};
		66919A842B4EE993005C4CBF /* Sources */ = {
			isa = PBXSourcesBuildPhase;
			buildActionMask = 2147483647;
			files = (
				66919A8F2B4EE993005C4CBF /* ZadUITestsLaunchTests.m in Sources */,
				66919A8D2B4EE993005C4CBF /* ZadUITests.m in Sources */,
			);
			runOnlyForDeploymentPostprocessing = 0;
		};
/* End PBXSourcesBuildPhase section */

/* Begin PBXTargetDependency section */
		66919A802B4EE992005C4CBF /* PBXTargetDependency */ = {
			isa = PBXTargetDependency;
			target = 66919A622B4EE990005C4CBF /* Zad */;
			targetProxy = 66919A7F2B4EE992005C4CBF /* PBXContainerItemProxy */;
		};
		66919A8A2B4EE993005C4CBF /* PBXTargetDependency */ = {
			isa = PBXTargetDependency;
			target = 66919A622B4EE990005C4CBF /* Zad */;
			targetProxy = 66919A892B4EE993005C4CBF /* PBXContainerItemProxy */;
		};
/* End PBXTargetDependency section */

/* Begin PBXVariantGroup section */
		66919A6F2B4EE990005C4CBF /* Main.storyboard */ = {
			isa = PBXVariantGroup;
			children = (
				66919A702B4EE990005C4CBF /* Base */,
				66919A9F2B4EEFE2005C4CBF /* pl */,
			);
			name = Main.storyboard;
			sourceTree = "<group>";
		};
		66919A742B4EE992005C4CBF /* LaunchScreen.storyboard */ = {
			isa = PBXVariantGroup;
			children = (
				66919A752B4EE992005C4CBF /* Base */,
				66919AA02B4EEFE2005C4CBF /* pl */,
			);
			name = LaunchScreen.storyboard;
			sourceTree = "<group>";
		};
		66919AA32B4EF02D005C4CBF /* Localizable.strings */ = {
			isa = PBXVariantGroup;
			children = (
				66919AA22B4EF02D005C4CBF /* en */,
				66919AA42B4EF034005C4CBF /* pl */,
			);
			name = Localizable.strings;
			sourceTree = "<group>";
		};
/* End PBXVariantGroup section */

/* Begin XCBuildConfiguration section */
		66919A902B4EE993005C4CBF /* Debug */ = {
			isa = XCBuildConfiguration;
			buildSettings = {
				ALWAYS_SEARCH_USER_PATHS = NO;
				ASSETCATALOG_COMPILER_GENERATE_SWIFT_ASSET_SYMBOL_EXTENSIONS = YES;
				CLANG_ANALYZER_LOCALIZABILITY_NONLOCALIZED = YES;
				CLANG_ANALYZER_NONNULL = YES;
				CLANG_ANALYZER_NUMBER_OBJECT_CONVERSION = YES_AGGRESSIVE;
				CLANG_CXX_LANGUAGE_STANDARD = "gnu++20";
				CLANG_ENABLE_MODULES = YES;
				CLANG_ENABLE_OBJC_ARC = YES;
				CLANG_ENABLE_OBJC_WEAK = YES;
				CLANG_WARN_BLOCK_CAPTURE_AUTORELEASING = YES;
				CLANG_WARN_BOOL_CONVERSION = YES;
				CLANG_WARN_COMMA = YES;
				CLANG_WARN_CONSTANT_CONVERSION = YES;
				CLANG_WARN_DEPRECATED_OBJC_IMPLEMENTATIONS = YES;
				CLANG_WARN_DIRECT_OBJC_ISA_USAGE = YES_ERROR;
				CLANG_WARN_DOCUMENTATION_COMMENTS = YES;
				CLANG_WARN_EMPTY_BODY = YES;
				CLANG_WARN_ENUM_CONVERSION = YES;
				CLANG_WARN_INFINITE_RECURSION = YES;
				CLANG_WARN_INT_CONVERSION = YES;
				CLANG_WARN_NON_LITERAL_NULL_CONVERSION = YES;
				CLANG_WARN_OBJC_IMPLICIT_RETAIN_SELF = YES;
				CLANG_WARN_OBJC_LITERAL_CONVERSION = YES;
				CLANG_WARN_OBJC_ROOT_CLASS = YES_ERROR;
				CLANG_WARN_QUOTED_INCLUDE_IN_FRAMEWORK_HEADER = YES;
				CLANG_WARN_RANGE_LOOP_ANALYSIS = YES;
				CLANG_WARN_STRICT_PROTOTYPES = YES;
				CLANG_WARN_SUSPICIOUS_MOVE = YES;
				CLANG_WARN_UNGUARDED_AVAILABILITY = YES_AGGRESSIVE;
				CLANG_WARN_UNREACHABLE_CODE = YES;
				CLANG_WARN__DUPLICATE_METHOD_MATCH = YES;
				COPY_PHASE_STRIP = NO;
				DEBUG_INFORMATION_FORMAT = dwarf;
				ENABLE_STRICT_OBJC_MSGSEND = YES;
				ENABLE_TESTABILITY = YES;
				ENABLE_USER_SCRIPT_SANDBOXING = YES;
				GCC_C_LANGUAGE_STANDARD = gnu17;
				GCC_DYNAMIC_NO_PIC = NO;
				GCC_NO_COMMON_BLOCKS = YES;
				GCC_OPTIMIZATION_LEVEL = 0;
				GCC_PREPROCESSOR_DEFINITIONS = (
					"DEBUG=1",
					"$(inherited)",
				);
				GCC_WARN_64_TO_32_BIT_CONVERSION = YES;
				GCC_WARN_ABOUT_RETURN_TYPE = YES_ERROR;
				GCC_WARN_UNDECLARED_SELECTOR = YES;
				GCC_WARN_UNINITIALIZED_AUTOS = YES_AGGRESSIVE;
				GCC_WARN_UNUSED_FUNCTION = YES;
				GCC_WARN_UNUSED_VARIABLE = YES;
				IPHONEOS_DEPLOYMENT_TARGET = 17.2;
				LOCALIZATION_PREFERS_STRING_CATALOGS = YES;
				MTL_ENABLE_DEBUG_INFO = INCLUDE_SOURCE;
				MTL_FAST_MATH = YES;
				ONLY_ACTIVE_ARCH = YES;
				SDKROOT = iphoneos;
			};
			name = Debug;
		};
		66919A912B4EE993005C4CBF /* Release */ = {
			isa = XCBuildConfiguration;
			buildSettings = {
				ALWAYS_SEARCH_USER_PATHS = NO;
				ASSETCATALOG_COMPILER_GENERATE_SWIFT_ASSET_SYMBOL_EXTENSIONS = YES;
				CLANG_ANALYZER_LOCALIZABILITY_NONLOCALIZED = YES;
				CLANG_ANALYZER_NONNULL = YES;
				CLANG_ANALYZER_NUMBER_OBJECT_CONVERSION = YES_AGGRESSIVE;
				CLANG_CXX_LANGUAGE_STANDARD = "gnu++20";
				CLANG_ENABLE_MODULES = YES;
				CLANG_ENABLE_OBJC_ARC = YES;
				CLANG_ENABLE_OBJC_WEAK = YES;
				CLANG_WARN_BLOCK_CAPTURE_AUTORELEASING = YES;
				CLANG_WARN_BOOL_CONVERSION = YES;
				CLANG_WARN_COMMA = YES;
				CLANG_WARN_CONSTANT_CONVERSION = YES;
				CLANG_WARN_DEPRECATED_OBJC_IMPLEMENTATIONS = YES;
				CLANG_WARN_DIRECT_OBJC_ISA_USAGE = YES_ERROR;
				CLANG_WARN_DOCUMENTATION_COMMENTS = YES;
				CLANG_WARN_EMPTY_BODY = YES;
				CLANG_WARN_ENUM_CONVERSION = YES;
				CLANG_WARN_INFINITE_RECURSION = YES;
				CLANG_WARN_INT_CONVERSION = YES;
				CLANG_WARN_NON_LITERAL_NULL_CONVERSION = YES;
				CLANG_WARN_OBJC_IMPLICIT_RETAIN_SELF = YES;
				CLANG_WARN_OBJC_LITERAL_CONVERSION = YES;
				CLANG_WARN_OBJC_ROOT_CLASS = YES_ERROR;
				CLANG_WARN_QUOTED_INCLUDE_IN_FRAMEWORK_HEADER = YES;
				CLANG_WARN_RANGE_LOOP_ANALYSIS = YES;
				CLANG_WARN_STRICT_PROTOTYPES = YES;
				CLANG_WARN_SUSPICIOUS_MOVE = YES;
				CLANG_WARN_UNGUARDED_AVAILABILITY = YES_AGGRESSIVE;
				CLANG_WARN_UNREACHABLE_CODE = YES;
				CLANG_WARN__DUPLICATE_METHOD_MATCH = YES;
				COPY_PHASE_STRIP = NO;
				DEBUG_INFORMATION_FORMAT = "dwarf-with-dsym";
				ENABLE_NS_ASSERTIONS = NO;
				ENABLE_STRICT_OBJC_MSGSEND = YES;
				ENABLE_USER_SCRIPT_SANDBOXING = YES;
				GCC_C_LANGUAGE_STANDARD = gnu17;
				GCC_NO_COMMON_BLOCKS = YES;
				GCC_WARN_64_TO_32_BIT_CONVERSION = YES;
				GCC_WARN_ABOUT_RETURN_TYPE = YES_ERROR;
				GCC_WARN_UNDECLARED_SELECTOR = YES;
				GCC_WARN_UNINITIALIZED_AUTOS = YES_AGGRESSIVE;
				GCC_WARN_UNUSED_FUNCTION = YES;
				GCC_WARN_UNUSED_VARIABLE = YES;
				IPHONEOS_DEPLOYMENT_TARGET = 17.2;
				LOCALIZATION_PREFERS_STRING_CATALOGS = YES;
				MTL_ENABLE_DEBUG_INFO = NO;
				MTL_FAST_MATH = YES;
				SDKROOT = iphoneos;
				VALIDATE_PRODUCT = YES;
			};
			name = Release;
		};
		66919A932B4EE993005C4CBF /* Debug */ = {
			isa = XCBuildConfiguration;
			buildSettings = {
				ASSETCATALOG_COMPILER_APPICON_NAME = AppIcon;
				ASSETCATALOG_COMPILER_GLOBAL_ACCENT_COLOR_NAME = AccentColor;
				CODE_SIGN_STYLE = Automatic;
				CURRENT_PROJECT_VERSION = 1;
				GENERATE_INFOPLIST_FILE = YES;
				INFOPLIST_FILE = Zad/Info.plist;
				INFOPLIST_KEY_UIApplicationSupportsIndirectInputEvents = YES;
				INFOPLIST_KEY_UILaunchStoryboardName = LaunchScreen;
				INFOPLIST_KEY_UIMainStoryboardFile = Main;
				INFOPLIST_KEY_UISupportedInterfaceOrientations_iPad = "UIInterfaceOrientationPortrait UIInterfaceOrientationPortraitUpsideDown UIInterfaceOrientationLandscapeLeft UIInterfaceOrientationLandscapeRight";
				INFOPLIST_KEY_UISupportedInterfaceOrientations_iPhone = "UIInterfaceOrientationPortrait UIInterfaceOrientationLandscapeLeft UIInterfaceOrientationLandscapeRight";
				LD_RUNPATH_SEARCH_PATHS = (
					"$(inherited)",
					"@executable_path/Frameworks",
				);
				MARKETING_VERSION = 1.0;
				PRODUCT_BUNDLE_IDENTIFIER = a.Zad;
				PRODUCT_NAME = "$(TARGET_NAME)";
				SWIFT_EMIT_LOC_STRINGS = YES;
				TARGETED_DEVICE_FAMILY = "1,2";
			};
			name = Debug;
		};
		66919A942B4EE993005C4CBF /* Release */ = {
			isa = XCBuildConfiguration;
			buildSettings = {
				ASSETCATALOG_COMPILER_APPICON_NAME = AppIcon;
				ASSETCATALOG_COMPILER_GLOBAL_ACCENT_COLOR_NAME = AccentColor;
				CODE_SIGN_STYLE = Automatic;
				CURRENT_PROJECT_VERSION = 1;
				GENERATE_INFOPLIST_FILE = YES;
				INFOPLIST_FILE = Zad/Info.plist;
				INFOPLIST_KEY_UIApplicationSupportsIndirectInputEvents = YES;
				INFOPLIST_KEY_UILaunchStoryboardName = LaunchScreen;
				INFOPLIST_KEY_UIMainStoryboardFile = Main;
				INFOPLIST_KEY_UISupportedInterfaceOrientations_iPad = "UIInterfaceOrientationPortrait UIInterfaceOrientationPortraitUpsideDown UIInterfaceOrientationLandscapeLeft UIInterfaceOrientationLandscapeRight";
				INFOPLIST_KEY_UISupportedInterfaceOrientations_iPhone = "UIInterfaceOrientationPortrait UIInterfaceOrientationLandscapeLeft UIInterfaceOrientationLandscapeRight";
				LD_RUNPATH_SEARCH_PATHS = (
					"$(inherited)",
					"@executable_path/Frameworks",
				);
				MARKETING_VERSION = 1.0;
				PRODUCT_BUNDLE_IDENTIFIER = a.Zad;
				PRODUCT_NAME = "$(TARGET_NAME)";
				SWIFT_EMIT_LOC_STRINGS = YES;
				TARGETED_DEVICE_FAMILY = "1,2";
			};
			name = Release;
		};
		66919A962B4EE993005C4CBF /* Debug */ = {
			isa = XCBuildConfiguration;
			buildSettings = {
				BUNDLE_LOADER = "$(TEST_HOST)";
				CODE_SIGN_STYLE = Automatic;
				CURRENT_PROJECT_VERSION = 1;
				GENERATE_INFOPLIST_FILE = YES;
				IPHONEOS_DEPLOYMENT_TARGET = 17.2;
				MARKETING_VERSION = 1.0;
				PRODUCT_BUNDLE_IDENTIFIER = a.ZadTests;
				PRODUCT_NAME = "$(TARGET_NAME)";
				SWIFT_EMIT_LOC_STRINGS = NO;
				TARGETED_DEVICE_FAMILY = "1,2";
				TEST_HOST = "$(BUILT_PRODUCTS_DIR)/Zad.app/$(BUNDLE_EXECUTABLE_FOLDER_PATH)/Zad";
			};
			name = Debug;
		};
		66919A972B4EE993005C4CBF /* Release */ = {
			isa = XCBuildConfiguration;
			buildSettings = {
				BUNDLE_LOADER = "$(TEST_HOST)";
				CODE_SIGN_STYLE = Automatic;
				CURRENT_PROJECT_VERSION = 1;
				GENERATE_INFOPLIST_FILE = YES;
				IPHONEOS_DEPLOYMENT_TARGET = 17.2;
				MARKETING_VERSION = 1.0;
				PRODUCT_BUNDLE_IDENTIFIER = a.ZadTests;
				PRODUCT_NAME = "$(TARGET_NAME)";
				SWIFT_EMIT_LOC_STRINGS = NO;
				TARGETED_DEVICE_FAMILY = "1,2";
				TEST_HOST = "$(BUILT_PRODUCTS_DIR)/Zad.app/$(BUNDLE_EXECUTABLE_FOLDER_PATH)/Zad";
			};
			name = Release;
		};
		66919A992B4EE993005C4CBF /* Debug */ = {
			isa = XCBuildConfiguration;
			buildSettings = {
				CODE_SIGN_STYLE = Automatic;
				CURRENT_PROJECT_VERSION = 1;
				GENERATE_INFOPLIST_FILE = YES;
				MARKETING_VERSION = 1.0;
				PRODUCT_BUNDLE_IDENTIFIER = a.ZadUITests;
				PRODUCT_NAME = "$(TARGET_NAME)";
				SWIFT_EMIT_LOC_STRINGS = NO;
				TARGETED_DEVICE_FAMILY = "1,2";
				TEST_TARGET_NAME = Zad;
			};
			name = Debug;
		};
		66919A9A2B4EE993005C4CBF /* Release */ = {
			isa = XCBuildConfiguration;
			buildSettings = {
				CODE_SIGN_STYLE = Automatic;
				CURRENT_PROJECT_VERSION = 1;
				GENERATE_INFOPLIST_FILE = YES;
				MARKETING_VERSION = 1.0;
				PRODUCT_BUNDLE_IDENTIFIER = a.ZadUITests;
				PRODUCT_NAME = "$(TARGET_NAME)";
				SWIFT_EMIT_LOC_STRINGS = NO;
				TARGETED_DEVICE_FAMILY = "1,2";
				TEST_TARGET_NAME = Zad;
			};
			name = Release;
		};
/* End XCBuildConfiguration section */

/* Begin XCConfigurationList section */
		66919A5E2B4EE990005C4CBF /* Build configuration list for PBXProject "Zad" */ = {
			isa = XCConfigurationList;
			buildConfigurations = (
				66919A902B4EE993005C4CBF /* Debug */,
				66919A912B4EE993005C4CBF /* Release */,
			);
			defaultConfigurationIsVisible = 0;
			defaultConfigurationName = Release;
		};
		66919A922B4EE993005C4CBF /* Build configuration list for PBXNativeTarget "Zad" */ = {
			isa = XCConfigurationList;
			buildConfigurations = (
				66919A932B4EE993005C4CBF /* Debug */,
				66919A942B4EE993005C4CBF /* Release */,
			);
			defaultConfigurationIsVisible = 0;
			defaultConfigurationName = Release;
		};
		66919A952B4EE993005C4CBF /* Build configuration list for PBXNativeTarget "ZadTests" */ = {
			isa = XCConfigurationList;
			buildConfigurations = (
				66919A962B4EE993005C4CBF /* Debug */,
				66919A972B4EE993005C4CBF /* Release */,
			);
			defaultConfigurationIsVisible = 0;
			defaultConfigurationName = Release;
		};
		66919A982B4EE993005C4CBF /* Build configuration list for PBXNativeTarget "ZadUITests" */ = {
			isa = XCConfigurationList;
			buildConfigurations = (
				66919A992B4EE993005C4CBF /* Debug */,
				66919A9A2B4EE993005C4CBF /* Release */,
			);
			defaultConfigurationIsVisible = 0;
			defaultConfigurationName = Release;
		};
/* End XCConfigurationList section */
	};
	rootObject = 66919A5B2B4EE990005C4CBF /* Project object */;
}
